// !$*UTF8*$!
{
	archiveVersion = 1;
	classes = {
	};
	objectVersion = 55;
	objects = {

/* Begin PBXBuildFile section */
		5EC6F39428B8C6A100300141 /* Tests_iOS.swift in Sources */ = {isa = PBXBuildFile; fileRef = 5EC6F39328B8C6A100300141 /* Tests_iOS.swift */; };
		5EC6F39628B8C6A100300141 /* Tests_iOSLaunchTests.swift in Sources */ = {isa = PBXBuildFile; fileRef = 5EC6F39528B8C6A100300141 /* Tests_iOSLaunchTests.swift */; };
		5EC6F3A028B8C6A100300141 /* Tests_macOS.swift in Sources */ = {isa = PBXBuildFile; fileRef = 5EC6F39F28B8C6A100300141 /* Tests_macOS.swift */; };
		5EC6F3A228B8C6A100300141 /* Tests_macOSLaunchTests.swift in Sources */ = {isa = PBXBuildFile; fileRef = 5EC6F3A128B8C6A100300141 /* Tests_macOSLaunchTests.swift */; };
		5EC6F3A328B8C6A100300141 /* AUTOMATIOnApp.swift in Sources */ = {isa = PBXBuildFile; fileRef = 5EC6F37B28B8C6A000300141 /* AUTOMATIOnApp.swift */; };
		5EC6F3A428B8C6A100300141 /* AUTOMATIOnApp.swift in Sources */ = {isa = PBXBuildFile; fileRef = 5EC6F37B28B8C6A000300141 /* AUTOMATIOnApp.swift */; };
		5EC6F3A528B8C6A100300141 /* ContentView.swift in Sources */ = {isa = PBXBuildFile; fileRef = 5EC6F37C28B8C6A000300141 /* ContentView.swift */; };
		5EC6F3A628B8C6A100300141 /* ContentView.swift in Sources */ = {isa = PBXBuildFile; fileRef = 5EC6F37C28B8C6A000300141 /* ContentView.swift */; };
		5EC6F3A728B8C6A100300141 /* Assets.xcassets in Resources */ = {isa = PBXBuildFile; fileRef = 5EC6F37D28B8C6A100300141 /* Assets.xcassets */; };
		5EC6F3A828B8C6A100300141 /* Assets.xcassets in Resources */ = {isa = PBXBuildFile; fileRef = 5EC6F37D28B8C6A100300141 /* Assets.xcassets */; };
/* End PBXBuildFile section */

/* Begin PBXContainerItemProxy section */
		5EC6F39028B8C6A100300141 /* PBXContainerItemProxy */ = {
			isa = PBXContainerItemProxy;
			containerPortal = 5EC6F37628B8C69F00300141 /* Project object */;
			proxyType = 1;
			remoteGlobalIDString = 5EC6F38128B8C6A100300141;
			remoteInfo = "AUTOMATIOn (iOS)";
		};
		5EC6F39C28B8C6A100300141 /* PBXContainerItemProxy */ = {
			isa = PBXContainerItemProxy;
			containerPortal = 5EC6F37628B8C69F00300141 /* Project object */;
			proxyType = 1;
			remoteGlobalIDString = 5EC6F38728B8C6A100300141;
			remoteInfo = "AUTOMATIOn (macOS)";
		};
/* End PBXContainerItemProxy section */

/* Begin PBXFileReference section */
		5EC6F37B28B8C6A000300141 /* AUTOMATIOnApp.swift */ = {isa = PBXFileReference; lastKnownFileType = sourcecode.swift; path = AUTOMATIOnApp.swift; sourceTree = "<group>"; };
		5EC6F37C28B8C6A000300141 /* ContentView.swift */ = {isa = PBXFileReference; lastKnownFileType = sourcecode.swift; path = ContentView.swift; sourceTree = "<group>"; };
		5EC6F37D28B8C6A100300141 /* Assets.xcassets */ = {isa = PBXFileReference; lastKnownFileType = folder.assetcatalog; path = Assets.xcassets; sourceTree = "<group>"; };
		5EC6F38228B8C6A100300141 /* AUTOMATIOn.app */ = {isa = PBXFileReference; explicitFileType = wrapper.application; includeInIndex = 0; path = AUTOMATIOn.app; sourceTree = BUILT_PRODUCTS_DIR; };
		5EC6F38828B8C6A100300141 /* AUTOMATIOn.app */ = {isa = PBXFileReference; explicitFileType = wrapper.application; includeInIndex = 0; path = AUTOMATIOn.app; sourceTree = BUILT_PRODUCTS_DIR; };
		5EC6F38A28B8C6A100300141 /* macOS.entitlements */ = {isa = PBXFileReference; lastKnownFileType = text.plist.entitlements; path = macOS.entitlements; sourceTree = "<group>"; };
		5EC6F38F28B8C6A100300141 /* Tests iOS.xctest */ = {isa = PBXFileReference; explicitFileType = wrapper.cfbundle; includeInIndex = 0; path = "Tests iOS.xctest"; sourceTree = BUILT_PRODUCTS_DIR; };
		5EC6F39328B8C6A100300141 /* Tests_iOS.swift */ = {isa = PBXFileReference; lastKnownFileType = sourcecode.swift; path = Tests_iOS.swift; sourceTree = "<group>"; };
		5EC6F39528B8C6A100300141 /* Tests_iOSLaunchTests.swift */ = {isa = PBXFileReference; lastKnownFileType = sourcecode.swift; path = Tests_iOSLaunchTests.swift; sourceTree = "<group>"; };
		5EC6F39B28B8C6A100300141 /* Tests macOS.xctest */ = {isa = PBXFileReference; explicitFileType = wrapper.cfbundle; includeInIndex = 0; path = "Tests macOS.xctest"; sourceTree = BUILT_PRODUCTS_DIR; };
		5EC6F39F28B8C6A100300141 /* Tests_macOS.swift */ = {isa = PBXFileReference; lastKnownFileType = sourcecode.swift; path = Tests_macOS.swift; sourceTree = "<group>"; };
		5EC6F3A128B8C6A100300141 /* Tests_macOSLaunchTests.swift */ = {isa = PBXFileReference; lastKnownFileType = sourcecode.swift; path = Tests_macOSLaunchTests.swift; sourceTree = "<group>"; };
/* End PBXFileReference section */

/* Begin PBXFrameworksBuildPhase section */
		5EC6F37F28B8C6A100300141 /* Frameworks */ = {
			isa = PBXFrameworksBuildPhase;
			buildActionMask = 2147483647;
			files = (
			);
			runOnlyForDeploymentPostprocessing = 0;
		};
		5EC6F38528B8C6A100300141 /* Frameworks */ = {
			isa = PBXFrameworksBuildPhase;
			buildActionMask = 2147483647;
			files = (
			);
			runOnlyForDeploymentPostprocessing = 0;
		};
		5EC6F38C28B8C6A100300141 /* Frameworks */ = {
			isa = PBXFrameworksBuildPhase;
			buildActionMask = 2147483647;
			files = (
			);
			runOnlyForDeploymentPostprocessing = 0;
		};
		5EC6F39828B8C6A100300141 /* Frameworks */ = {
			isa = PBXFrameworksBuildPhase;
			buildActionMask = 2147483647;
			files = (
			);
			runOnlyForDeploymentPostprocessing = 0;
		};
/* End PBXFrameworksBuildPhase section */

/* Begin PBXGroup section */
		5EC6F37528B8C69F00300141 = {
			isa = PBXGroup;
			children = (
				5EC6F37A28B8C6A000300141 /* Shared */,
				5EC6F38928B8C6A100300141 /* macOS */,
				5EC6F39228B8C6A100300141 /* Tests iOS */,
				5EC6F39E28B8C6A100300141 /* Tests macOS */,
				5EC6F38328B8C6A100300141 /* Products */,
			);
			sourceTree = "<group>";
		};
		5EC6F37A28B8C6A000300141 /* Shared */ = {
			isa = PBXGroup;
			children = (
				5EC6F37B28B8C6A000300141 /* AUTOMATIOnApp.swift */,
				5EC6F37C28B8C6A000300141 /* ContentView.swift */,
				5EC6F37D28B8C6A100300141 /* Assets.xcassets */,
			);
			path = Shared;
			sourceTree = "<group>";
		};
		5EC6F38328B8C6A100300141 /* Products */ = {
			isa = PBXGroup;
			children = (
				5EC6F38228B8C6A100300141 /* AUTOMATIOn.app */,
				5EC6F38828B8C6A100300141 /* AUTOMATIOn.app */,
				5EC6F38F28B8C6A100300141 /* Tests iOS.xctest */,
				5EC6F39B28B8C6A100300141 /* Tests macOS.xctest */,
			);
			name = Products;
			sourceTree = "<group>";
		};
		5EC6F38928B8C6A100300141 /* macOS */ = {
			isa = PBXGroup;
			children = (
				5EC6F38A28B8C6A100300141 /* macOS.entitlements */,
			);
			path = macOS;
			sourceTree = "<group>";
		};
		5EC6F39228B8C6A100300141 /* Tests iOS */ = {
			isa = PBXGroup;
			children = (
				5EC6F39328B8C6A100300141 /* Tests_iOS.swift */,
				5EC6F39528B8C6A100300141 /* Tests_iOSLaunchTests.swift */,
			);
			path = "Tests iOS";
			sourceTree = "<group>";
		};
		5EC6F39E28B8C6A100300141 /* Tests macOS */ = {
			isa = PBXGroup;
			children = (
				5EC6F39F28B8C6A100300141 /* Tests_macOS.swift */,
				5EC6F3A128B8C6A100300141 /* Tests_macOSLaunchTests.swift */,
			);
			path = "Tests macOS";
			sourceTree = "<group>";
		};
/* End PBXGroup section */

/* Begin PBXNativeTarget section */
		5EC6F38128B8C6A100300141 /* AUTOMATIOn (iOS) */ = {
			isa = PBXNativeTarget;
			buildConfigurationList = 5EC6F3AB28B8C6A100300141 /* Build configuration list for PBXNativeTarget "AUTOMATIOn (iOS)" */;
			buildPhases = (
				5EC6F37E28B8C6A100300141 /* Sources */,
				5EC6F37F28B8C6A100300141 /* Frameworks */,
				5EC6F38028B8C6A100300141 /* Resources */,
			);
			buildRules = (
			);
			dependencies = (
			);
			name = "AUTOMATIOn (iOS)";
			productName = "AUTOMATIOn (iOS)";
			productReference = 5EC6F38228B8C6A100300141 /* AUTOMATIOn.app */;
			productType = "com.apple.product-type.application";
		};
		5EC6F38728B8C6A100300141 /* AUTOMATIOn (macOS) */ = {
			isa = PBXNativeTarget;
			buildConfigurationList = 5EC6F3AE28B8C6A100300141 /* Build configuration list for PBXNativeTarget "AUTOMATIOn (macOS)" */;
			buildPhases = (
				5EC6F38428B8C6A100300141 /* Sources */,
				5EC6F38528B8C6A100300141 /* Frameworks */,
				5EC6F38628B8C6A100300141 /* Resources */,
			);
			buildRules = (
			);
			dependencies = (
			);
			name = "AUTOMATIOn (macOS)";
			productName = "AUTOMATIOn (macOS)";
			productReference = 5EC6F38828B8C6A100300141 /* AUTOMATIOn.app */;
			productType = "com.apple.product-type.application";
		};
		5EC6F38E28B8C6A100300141 /* Tests iOS */ = {
			isa = PBXNativeTarget;
			buildConfigurationList = 5EC6F3B128B8C6A100300141 /* Build configuration list for PBXNativeTarget "Tests iOS" */;
			buildPhases = (
				5EC6F38B28B8C6A100300141 /* Sources */,
				5EC6F38C28B8C6A100300141 /* Frameworks */,
				5EC6F38D28B8C6A100300141 /* Resources */,
			);
			buildRules = (
			);
			dependencies = (
				5EC6F39128B8C6A100300141 /* PBXTargetDependency */,
			);
			name = "Tests iOS";
			productName = "Tests iOS";
			productReference = 5EC6F38F28B8C6A100300141 /* Tests iOS.xctest */;
			productType = "com.apple.product-type.bundle.ui-testing";
		};
		5EC6F39A28B8C6A100300141 /* Tests macOS */ = {
			isa = PBXNativeTarget;
			buildConfigurationList = 5EC6F3B428B8C6A100300141 /* Build configuration list for PBXNativeTarget "Tests macOS" */;
			buildPhases = (
				5EC6F39728B8C6A100300141 /* Sources */,
				5EC6F39828B8C6A100300141 /* Frameworks */,
				5EC6F39928B8C6A100300141 /* Resources */,
			);
			buildRules = (
			);
			dependencies = (
				5EC6F39D28B8C6A100300141 /* PBXTargetDependency */,
			);
			name = "Tests macOS";
			productName = "Tests macOS";
			productReference = 5EC6F39B28B8C6A100300141 /* Tests macOS.xctest */;
			productType = "com.apple.product-type.bundle.ui-testing";
		};
/* End PBXNativeTarget section */

/* Begin PBXProject section */
		5EC6F37628B8C69F00300141 /* Project object */ = {
			isa = PBXProject;
			attributes = {
				BuildIndependentTargetsInParallel = 1;
				LastSwiftUpdateCheck = 1340;
				LastUpgradeCheck = 1340;
				TargetAttributes = {
					5EC6F38128B8C6A100300141 = {
						CreatedOnToolsVersion = 13.4.1;
					};
					5EC6F38728B8C6A100300141 = {
						CreatedOnToolsVersion = 13.4.1;
					};
					5EC6F38E28B8C6A100300141 = {
						CreatedOnToolsVersion = 13.4.1;
						TestTargetID = 5EC6F38128B8C6A100300141;
					};
					5EC6F39A28B8C6A100300141 = {
						CreatedOnToolsVersion = 13.4.1;
						TestTargetID = 5EC6F38728B8C6A100300141;
					};
				};
			};
			buildConfigurationList = 5EC6F37928B8C69F00300141 /* Build configuration list for PBXProject "AUTOMATIOn" */;
			compatibilityVersion = "Xcode 13.0";
			developmentRegion = en;
			hasScannedForEncodings = 0;
			knownRegions = (
				en,
				Base,
			);
			mainGroup = 5EC6F37528B8C69F00300141;
			productRefGroup = 5EC6F38328B8C6A100300141 /* Products */;
			projectDirPath = "";
			projectRoot = "";
			targets = (
				5EC6F38128B8C6A100300141 /* AUTOMATIOn (iOS) */,
				5EC6F38728B8C6A100300141 /* AUTOMATIOn (macOS) */,
				5EC6F38E28B8C6A100300141 /* Tests iOS */,
				5EC6F39A28B8C6A100300141 /* Tests macOS */,
			);
		};
/* End PBXProject section */

/* Begin PBXResourcesBuildPhase section */
		5EC6F38028B8C6A100300141 /* Resources */ = {
			isa = PBXResourcesBuildPhase;
			buildActionMask = 2147483647;
			files = (
				5EC6F3A728B8C6A100300141 /* Assets.xcassets in Resources */,
			);
			runOnlyForDeploymentPostprocessing = 0;
		};
		5EC6F38628B8C6A100300141 /* Resources */ = {
			isa = PBXResourcesBuildPhase;
			buildActionMask = 2147483647;
			files = (
				5EC6F3A828B8C6A100300141 /* Assets.xcassets in Resources */,
			);
			runOnlyForDeploymentPostprocessing = 0;
		};
		5EC6F38D28B8C6A100300141 /* Resources */ = {
			isa = PBXResourcesBuildPhase;
			buildActionMask = 2147483647;
			files = (
			);
			runOnlyForDeploymentPostprocessing = 0;
		};
		5EC6F39928B8C6A100300141 /* Resources */ = {
			isa = PBXResourcesBuildPhase;
			buildActionMask = 2147483647;
			files = (
			);
			runOnlyForDeploymentPostprocessing = 0;
		};
/* End PBXResourcesBuildPhase section */

/* Begin PBXSourcesBuildPhase section */
		5EC6F37E28B8C6A100300141 /* Sources */ = {
			isa = PBXSourcesBuildPhase;
			buildActionMask = 2147483647;
			files = (
				5EC6F3A528B8C6A100300141 /* ContentView.swift in Sources */,
				5EC6F3A328B8C6A100300141 /* AUTOMATIOnApp.swift in Sources */,
			);
			runOnlyForDeploymentPostprocessing = 0;
		};
		5EC6F38428B8C6A100300141 /* Sources */ = {
			isa = PBXSourcesBuildPhase;
			buildActionMask = 2147483647;
			files = (
				5EC6F3A628B8C6A100300141 /* ContentView.swift in Sources */,
				5EC6F3A428B8C6A100300141 /* AUTOMATIOnApp.swift in Sources */,
			);
			runOnlyForDeploymentPostprocessing = 0;
		};
		5EC6F38B28B8C6A100300141 /* Sources */ = {
			isa = PBXSourcesBuildPhase;
			buildActionMask = 2147483647;
			files = (
				5EC6F39628B8C6A100300141 /* Tests_iOSLaunchTests.swift in Sources */,
				5EC6F39428B8C6A100300141 /* Tests_iOS.swift in Sources */,
			);
			runOnlyForDeploymentPostprocessing = 0;
		};
		5EC6F39728B8C6A100300141 /* Sources */ = {
			isa = PBXSourcesBuildPhase;
			buildActionMask = 2147483647;
			files = (
				5EC6F3A228B8C6A100300141 /* Tests_macOSLaunchTests.swift in Sources */,
				5EC6F3A028B8C6A100300141 /* Tests_macOS.swift in Sources */,
			);
			runOnlyForDeploymentPostprocessing = 0;
		};
/* End PBXSourcesBuildPhase section */

/* Begin PBXTargetDependency section */
		5EC6F39128B8C6A100300141 /* PBXTargetDependency */ = {
			isa = PBXTargetDependency;
			target = 5EC6F38128B8C6A100300141 /* AUTOMATIOn (iOS) */;
			targetProxy = 5EC6F39028B8C6A100300141 /* PBXContainerItemProxy */;
		};
		5EC6F39D28B8C6A100300141 /* PBXTargetDependency */ = {
			isa = PBXTargetDependency;
			target = 5EC6F38728B8C6A100300141 /* AUTOMATIOn (macOS) */;
			targetProxy = 5EC6F39C28B8C6A100300141 /* PBXContainerItemProxy */;
		};
/* End PBXTargetDependency section */

/* Begin XCBuildConfiguration section */
		5EC6F3A928B8C6A100300141 /* Debug */ = {
			isa = XCBuildConfiguration;
			buildSettings = {
				ALWAYS_SEARCH_USER_PATHS = NO;
				CLANG_ANALYZER_NONNULL = YES;
				CLANG_ANALYZER_NUMBER_OBJECT_CONVERSION = YES_AGGRESSIVE;
				CLANG_CXX_LANGUAGE_STANDARD = "gnu++17";
				CLANG_ENABLE_MODULES = YES;
				CLANG_ENABLE_OBJC_ARC = YES;
				CLANG_ENABLE_OBJC_WEAK = YES;
				CLANG_WARN_BLOCK_CAPTURE_AUTORELEASING = YES;
				CLANG_WARN_BOOL_CONVERSION = YES;
				CLANG_WARN_COMMA = YES;
				CLANG_WARN_CONSTANT_CONVERSION = YES;
				CLANG_WARN_DEPRECATED_OBJC_IMPLEMENTATIONS = YES;
				CLANG_WARN_DIRECT_OBJC_ISA_USAGE = YES_ERROR;
				CLANG_WARN_DOCUMENTATION_COMMENTS = YES;
				CLANG_WARN_EMPTY_BODY = YES;
				CLANG_WARN_ENUM_CONVERSION = YES;
				CLANG_WARN_INFINITE_RECURSION = YES;
				CLANG_WARN_INT_CONVERSION = YES;
				CLANG_WARN_NON_LITERAL_NULL_CONVERSION = YES;
				CLANG_WARN_OBJC_IMPLICIT_RETAIN_SELF = YES;
				CLANG_WARN_OBJC_LITERAL_CONVERSION = YES;
				CLANG_WARN_OBJC_ROOT_CLASS = YES_ERROR;
				CLANG_WARN_QUOTED_INCLUDE_IN_FRAMEWORK_HEADER = YES;
				CLANG_WARN_RANGE_LOOP_ANALYSIS = YES;
				CLANG_WARN_STRICT_PROTOTYPES = YES;
				CLANG_WARN_SUSPICIOUS_MOVE = YES;
				CLANG_WARN_UNGUARDED_AVAILABILITY = YES_AGGRESSIVE;
				CLANG_WARN_UNREACHABLE_CODE = YES;
				CLANG_WARN__DUPLICATE_METHOD_MATCH = YES;
				COPY_PHASE_STRIP = NO;
				DEBUG_INFORMATION_FORMAT = dwarf;
				ENABLE_STRICT_OBJC_MSGSEND = YES;
				ENABLE_TESTABILITY = YES;
				GCC_C_LANGUAGE_STANDARD = gnu11;
				GCC_DYNAMIC_NO_PIC = NO;
				GCC_NO_COMMON_BLOCKS = YES;
				GCC_OPTIMIZATION_LEVEL = 0;
				GCC_PREPROCESSOR_DEFINITIONS = (
					"DEBUG=1",
					"$(inherited)",
				);
				GCC_WARN_64_TO_32_BIT_CONVERSION = YES;
				GCC_WARN_ABOUT_RETURN_TYPE = YES_ERROR;
				GCC_WARN_UNDECLARED_SELECTOR = YES;
				GCC_WARN_UNINITIALIZED_AUTOS = YES_AGGRESSIVE;
				GCC_WARN_UNUSED_FUNCTION = YES;
				GCC_WARN_UNUSED_VARIABLE = YES;
				MTL_ENABLE_DEBUG_INFO = INCLUDE_SOURCE;
				MTL_FAST_MATH = YES;
				ONLY_ACTIVE_ARCH = YES;
				SWIFT_ACTIVE_COMPILATION_CONDITIONS = DEBUG;
				SWIFT_OPTIMIZATION_LEVEL = "-Onone";
			};
			name = Debug;
		};
		5EC6F3AA28B8C6A100300141 /* Release */ = {
			isa = XCBuildConfiguration;
			buildSettings = {
				ALWAYS_SEARCH_USER_PATHS = NO;
				CLANG_ANALYZER_NONNULL = YES;
				CLANG_ANALYZER_NUMBER_OBJECT_CONVERSION = YES_AGGRESSIVE;
				CLANG_CXX_LANGUAGE_STANDARD = "gnu++17";
				CLANG_ENABLE_MODULES = YES;
				CLANG_ENABLE_OBJC_ARC = YES;
				CLANG_ENABLE_OBJC_WEAK = YES;
				CLANG_WARN_BLOCK_CAPTURE_AUTORELEASING = YES;
				CLANG_WARN_BOOL_CONVERSION = YES;
				CLANG_WARN_COMMA = YES;
				CLANG_WARN_CONSTANT_CONVERSION = YES;
				CLANG_WARN_DEPRECATED_OBJC_IMPLEMENTATIONS = YES;
				CLANG_WARN_DIRECT_OBJC_ISA_USAGE = YES_ERROR;
				CLANG_WARN_DOCUMENTATION_COMMENTS = YES;
				CLANG_WARN_EMPTY_BODY = YES;
				CLANG_WARN_ENUM_CONVERSION = YES;
				CLANG_WARN_INFINITE_RECURSION = YES;
				CLANG_WARN_INT_CONVERSION = YES;
				CLANG_WARN_NON_LITERAL_NULL_CONVERSION = YES;
				CLANG_WARN_OBJC_IMPLICIT_RETAIN_SELF = YES;
				CLANG_WARN_OBJC_LITERAL_CONVERSION = YES;
				CLANG_WARN_OBJC_ROOT_CLASS = YES_ERROR;
				CLANG_WARN_QUOTED_INCLUDE_IN_FRAMEWORK_HEADER = YES;
				CLANG_WARN_RANGE_LOOP_ANALYSIS = YES;
				CLANG_WARN_STRICT_PROTOTYPES = YES;
				CLANG_WARN_SUSPICIOUS_MOVE = YES;
				CLANG_WARN_UNGUARDED_AVAILABILITY = YES_AGGRESSIVE;
				CLANG_WARN_UNREACHABLE_CODE = YES;
				CLANG_WARN__DUPLICATE_METHOD_MATCH = YES;
				COPY_PHASE_STRIP = NO;
				DEBUG_INFORMATION_FORMAT = "dwarf-with-dsym";
				ENABLE_NS_ASSERTIONS = NO;
				ENABLE_STRICT_OBJC_MSGSEND = YES;
				GCC_C_LANGUAGE_STANDARD = gnu11;
				GCC_NO_COMMON_BLOCKS = YES;
				GCC_WARN_64_TO_32_BIT_CONVERSION = YES;
				GCC_WARN_ABOUT_RETURN_TYPE = YES_ERROR;
				GCC_WARN_UNDECLARED_SELECTOR = YES;
				GCC_WARN_UNINITIALIZED_AUTOS = YES_AGGRESSIVE;
				GCC_WARN_UNUSED_FUNCTION = YES;
				GCC_WARN_UNUSED_VARIABLE = YES;
				MTL_ENABLE_DEBUG_INFO = NO;
				MTL_FAST_MATH = YES;
				SWIFT_COMPILATION_MODE = wholemodule;
				SWIFT_OPTIMIZATION_LEVEL = "-O";
			};
			name = Release;
		};
		5EC6F3AC28B8C6A100300141 /* Debug */ = {
			isa = XCBuildConfiguration;
			buildSettings = {
				ASSETCATALOG_COMPILER_APPICON_NAME = AppIcon;
				ASSETCATALOG_COMPILER_GLOBAL_ACCENT_COLOR_NAME = AccentColor;
				CODE_SIGN_STYLE = Automatic;
				CURRENT_PROJECT_VERSION = 1;
				ENABLE_PREVIEWS = YES;
				GENERATE_INFOPLIST_FILE = YES;
				INFOPLIST_KEY_UIApplicationSceneManifest_Generation = YES;
				INFOPLIST_KEY_UIApplicationSupportsIndirectInputEvents = YES;
				INFOPLIST_KEY_UILaunchScreen_Generation = YES;
				INFOPLIST_KEY_UISupportedInterfaceOrientations_iPad = "UIInterfaceOrientationPortrait UIInterfaceOrientationPortraitUpsideDown UIInterfaceOrientationLandscapeLeft UIInterfaceOrientationLandscapeRight";
				INFOPLIST_KEY_UISupportedInterfaceOrientations_iPhone = "UIInterfaceOrientationPortrait UIInterfaceOrientationLandscapeLeft UIInterfaceOrientationLandscapeRight";
				IPHONEOS_DEPLOYMENT_TARGET = 15.5;
				LD_RUNPATH_SEARCH_PATHS = (
					"$(inherited)",
					"@executable_path/Frameworks",
				);
				MARKETING_VERSION = 1.0;
				PRODUCT_BUNDLE_IDENTIFIER = com.test.AUTOMATIOn;
				PRODUCT_NAME = AUTOMATIOn;
				SDKROOT = iphoneos;
				SWIFT_EMIT_LOC_STRINGS = YES;
				SWIFT_VERSION = 5.0;
				TARGETED_DEVICE_FAMILY = "1,2";
			};
			name = Debug;
		};
		5EC6F3AD28B8C6A100300141 /* Release */ = {
			isa = XCBuildConfiguration;
			buildSettings = {
				ASSETCATALOG_COMPILER_APPICON_NAME = AppIcon;
				ASSETCATALOG_COMPILER_GLOBAL_ACCENT_COLOR_NAME = AccentColor;
				CODE_SIGN_STYLE = Automatic;
				CURRENT_PROJECT_VERSION = 1;
				ENABLE_PREVIEWS = YES;
				GENERATE_INFOPLIST_FILE = YES;
				INFOPLIST_KEY_UIApplicationSceneManifest_Generation = YES;
				INFOPLIST_KEY_UIApplicationSupportsIndirectInputEvents = YES;
				INFOPLIST_KEY_UILaunchScreen_Generation = YES;
				INFOPLIST_KEY_UISupportedInterfaceOrientations_iPad = "UIInterfaceOrientationPortrait UIInterfaceOrientationPortraitUpsideDown UIInterfaceOrientationLandscapeLeft UIInterfaceOrientationLandscapeRight";
				INFOPLIST_KEY_UISupportedInterfaceOrientations_iPhone = "UIInterfaceOrientationPortrait UIInterfaceOrientationLandscapeLeft UIInterfaceOrientationLandscapeRight";
				IPHONEOS_DEPLOYMENT_TARGET = 15.5;
				LD_RUNPATH_SEARCH_PATHS = (
					"$(inherited)",
					"@executable_path/Frameworks",
				);
				MARKETING_VERSION = 1.0;
				PRODUCT_BUNDLE_IDENTIFIER = com.test.AUTOMATIOn;
				PRODUCT_NAME = AUTOMATIOn;
				SDKROOT = iphoneos;
				SWIFT_EMIT_LOC_STRINGS = YES;
				SWIFT_VERSION = 5.0;
				TARGETED_DEVICE_FAMILY = "1,2";
				VALIDATE_PRODUCT = YES;
			};
			name = Release;
		};
		5EC6F3AF28B8C6A100300141 /* Debug */ = {
			isa = XCBuildConfiguration;
			buildSettings = {
				ASSETCATALOG_COMPILER_APPICON_NAME = AppIcon;
				ASSETCATALOG_COMPILER_GLOBAL_ACCENT_COLOR_NAME = AccentColor;
				CODE_SIGN_ENTITLEMENTS = macOS/macOS.entitlements;
				CODE_SIGN_STYLE = Automatic;
				COMBINE_HIDPI_IMAGES = YES;
				CURRENT_PROJECT_VERSION = 1;
				ENABLE_PREVIEWS = YES;
				GENERATE_INFOPLIST_FILE = YES;
				INFOPLIST_KEY_NSHumanReadableCopyright = "";
				LD_RUNPATH_SEARCH_PATHS = (
					"$(inherited)",
					"@executable_path/../Frameworks",
				);
				MACOSX_DEPLOYMENT_TARGET = 12.3;
				MARKETING_VERSION = 1.0;
				PRODUCT_BUNDLE_IDENTIFIER = com.test.AUTOMATIOn;
				PRODUCT_NAME = AUTOMATIOn;
				SDKROOT = macosx;
				SWIFT_EMIT_LOC_STRINGS = YES;
				SWIFT_VERSION = 5.0;
			};
			name = Debug;
		};
		5EC6F3B028B8C6A100300141 /* Release */ = {
			isa = XCBuildConfiguration;
			buildSettings = {
				ASSETCATALOG_COMPILER_APPICON_NAME = AppIcon;
				ASSETCATALOG_COMPILER_GLOBAL_ACCENT_COLOR_NAME = AccentColor;
				CODE_SIGN_ENTITLEMENTS = macOS/macOS.entitlements;
				CODE_SIGN_STYLE = Automatic;
				COMBINE_HIDPI_IMAGES = YES;
				CURRENT_PROJECT_VERSION = 1;
				ENABLE_PREVIEWS = YES;
				GENERATE_INFOPLIST_FILE = YES;
				INFOPLIST_KEY_NSHumanReadableCopyright = "";
				LD_RUNPATH_SEARCH_PATHS = (
					"$(inherited)",
					"@executable_path/../Frameworks",
				);
				MACOSX_DEPLOYMENT_TARGET = 12.3;
				MARKETING_VERSION = 1.0;
				PRODUCT_BUNDLE_IDENTIFIER = com.test.AUTOMATIOn;
				PRODUCT_NAME = AUTOMATIOn;
				SDKROOT = macosx;
				SWIFT_EMIT_LOC_STRINGS = YES;
				SWIFT_VERSION = 5.0;
			};
			name = Release;
		};
		5EC6F3B228B8C6A100300141 /* Debug */ = {
			isa = XCBuildConfiguration;
			buildSettings = {
				ALWAYS_EMBED_SWIFT_STANDARD_LIBRARIES = YES;
				CODE_SIGN_STYLE = Automatic;
				CURRENT_PROJECT_VERSION = 1;
				GENERATE_INFOPLIST_FILE = YES;
				IPHONEOS_DEPLOYMENT_TARGET = 15.5;
				MARKETING_VERSION = 1.0;
				PRODUCT_BUNDLE_IDENTIFIER = "com.test.Tests-iOS";
				PRODUCT_NAME = "$(TARGET_NAME)";
				SDKROOT = iphoneos;
				SWIFT_EMIT_LOC_STRINGS = NO;
				SWIFT_VERSION = 5.0;
				TARGETED_DEVICE_FAMILY = "1,2";
				TEST_TARGET_NAME = "AUTOMATIOn (iOS)";
			};
			name = Debug;
		};
		5EC6F3B328B8C6A100300141 /* Release */ = {
			isa = XCBuildConfiguration;
			buildSettings = {
				ALWAYS_EMBED_SWIFT_STANDARD_LIBRARIES = YES;
				CODE_SIGN_STYLE = Automatic;
				CURRENT_PROJECT_VERSION = 1;
				GENERATE_INFOPLIST_FILE = YES;
				IPHONEOS_DEPLOYMENT_TARGET = 15.5;
				MARKETING_VERSION = 1.0;
				PRODUCT_BUNDLE_IDENTIFIER = "com.test.Tests-iOS";
				PRODUCT_NAME = "$(TARGET_NAME)";
				SDKROOT = iphoneos;
				SWIFT_EMIT_LOC_STRINGS = NO;
				SWIFT_VERSION = 5.0;
				TARGETED_DEVICE_FAMILY = "1,2";
				TEST_TARGET_NAME = "AUTOMATIOn (iOS)";
				VALIDATE_PRODUCT = YES;
			};
			name = Release;
		};
		5EC6F3B528B8C6A100300141 /* Debug */ = {
			isa = XCBuildConfiguration;
			buildSettings = {
				ALWAYS_EMBED_SWIFT_STANDARD_LIBRARIES = YES;
				CODE_SIGN_STYLE = Automatic;
				CURRENT_PROJECT_VERSION = 1;
				GENERATE_INFOPLIST_FILE = YES;
				MACOSX_DEPLOYMENT_TARGET = 12.3;
				MARKETING_VERSION = 1.0;
				PRODUCT_BUNDLE_IDENTIFIER = "com.test.Tests-macOS";
				PRODUCT_NAME = "$(TARGET_NAME)";
				SDKROOT = macosx;
				SWIFT_EMIT_LOC_STRINGS = NO;
				SWIFT_VERSION = 5.0;
				TEST_TARGET_NAME = "AUTOMATIOn (macOS)";
			};
			name = Debug;
		};
		5EC6F3B628B8C6A100300141 /* Release */ = {
			isa = XCBuildConfiguration;
			buildSettings = {
				ALWAYS_EMBED_SWIFT_STANDARD_LIBRARIES = YES;
				CODE_SIGN_STYLE = Automatic;
				CURRENT_PROJECT_VERSION = 1;
				GENERATE_INFOPLIST_FILE = YES;
				MACOSX_DEPLOYMENT_TARGET = 12.3;
				MARKETING_VERSION = 1.0;
				PRODUCT_BUNDLE_IDENTIFIER = "com.test.Tests-macOS";
				PRODUCT_NAME = "$(TARGET_NAME)";
				SDKROOT = macosx;
				SWIFT_EMIT_LOC_STRINGS = NO;
				SWIFT_VERSION = 5.0;
				TEST_TARGET_NAME = "AUTOMATIOn (macOS)";
			};
			name = Release;
		};
/* End XCBuildConfiguration section */

/* Begin XCConfigurationList section */
		5EC6F37928B8C69F00300141 /* Build configuration list for PBXProject "AUTOMATIOn" */ = {
			isa = XCConfigurationList;
			buildConfigurations = (
				5EC6F3A928B8C6A100300141 /* Debug */,
				5EC6F3AA28B8C6A100300141 /* Release */,
			);
			defaultConfigurationIsVisible = 0;
			defaultConfigurationName = Release;
		};
		5EC6F3AB28B8C6A100300141 /* Build configuration list for PBXNativeTarget "AUTOMATIOn (iOS)" */ = {
			isa = XCConfigurationList;
			buildConfigurations = (
				5EC6F3AC28B8C6A100300141 /* Debug */,
				5EC6F3AD28B8C6A100300141 /* Release */,
			);
			defaultConfigurationIsVisible = 0;
			defaultConfigurationName = Release;
		};
		5EC6F3AE28B8C6A100300141 /* Build configuration list for PBXNativeTarget "AUTOMATIOn (macOS)" */ = {
			isa = XCConfigurationList;
			buildConfigurations = (
				5EC6F3AF28B8C6A100300141 /* Debug */,
				5EC6F3B028B8C6A100300141 /* Release */,
			);
			defaultConfigurationIsVisible = 0;
			defaultConfigurationName = Release;
		};
		5EC6F3B128B8C6A100300141 /* Build configuration list for PBXNativeTarget "Tests iOS" */ = {
			isa = XCConfigurationList;
			buildConfigurations = (
				5EC6F3B228B8C6A100300141 /* Debug */,
				5EC6F3B328B8C6A100300141 /* Release */,
			);
			defaultConfigurationIsVisible = 0;
			defaultConfigurationName = Release;
		};
		5EC6F3B428B8C6A100300141 /* Build configuration list for PBXNativeTarget "Tests macOS" */ = {
			isa = XCConfigurationList;
			buildConfigurations = (
				5EC6F3B528B8C6A100300141 /* Debug */,
				5EC6F3B628B8C6A100300141 /* Release */,
			);
			defaultConfigurationIsVisible = 0;
			defaultConfigurationName = Release;
		};
/* End XCConfigurationList section */
	};
	rootObject = 5EC6F37628B8C69F00300141 /* Project object */;
}
